<?xml version="1.0" encoding="utf-8"?>
<Project ToolsVersion="4.0" xmlns="http://schemas.microsoft.com/developer/msbuild/2003">
  <ItemGroup>
    <Filter Include="源文件">
      <UniqueIdentifier>{4FC737F1-C7A5-4376-A066-2A32D752A2FF}</UniqueIdentifier>
      <Extensions>cpp;c;cc;cxx;def;odl;idl;hpj;bat;asm;asmx</Extensions>
    </Filter>
    <Filter Include="头文件">
      <UniqueIdentifier>{93995380-89BD-4b04-88EB-625FBE52EBFB}</UniqueIdentifier>
      <Extensions>h;hh;hpp;hxx;hm;inl;inc;xsd</Extensions>
    </Filter>
    <Filter Include="资源文件">
      <UniqueIdentifier>{67DA6AB6-F800-4c08-8B7A-83BB121AAD01}</UniqueIdentifier>
      <Extensions>rc;ico;cur;bmp;dlg;rc2;rct;bin;rgs;gif;jpg;jpeg;jpe;resx;tiff;tif;png;wav;mfcribbon-ms</Extensions>
    </Filter>
    <Filter Include="BaiduParse">
      <UniqueIdentifier>{e8fec2f2-1e54-4228-a65b-4d83b388d88d}</UniqueIdentifier>
    </Filter>
    <Filter Include="加密解密">
      <UniqueIdentifier>{863f99f3-e272-4cc0-bfd3-30efbca9c4af}</UniqueIdentifier>
    </Filter>
  </ItemGroup>
  <ItemGroup>
    <ClCompile Include="main.cpp">
      <Filter>源文件</Filter>
    </ClCompile>
    <ClCompile Include="WkeWindow.cpp">
      <Filter>源文件</Filter>
    </ClCompile>
    <ClCompile Include="PanParse.cpp">
      <Filter>BaiduParse</Filter>
    </ClCompile>
    <ClCompile Include="Http_Request.cpp">
      <Filter>BaiduParse</Filter>
    </ClCompile>
    <ClCompile Include="shadow_window.cpp">
      <Filter>源文件</Filter>
    </ClCompile>
    <ClCompile Include="CEncryption.cpp">
      <Filter>加密解密</Filter>
    </ClCompile>
  </ItemGroup>
  <ItemGroup>
    <ClInclude Include="WkeWindow.h">
      <Filter>头文件</Filter>
    </ClInclude>
    <ClInclude Include="GlobalHeader.h">
      <Filter>头文件</Filter>
    </ClInclude>
    <ClInclude Include="wke.h">
      <Filter>头文件</Filter>
    </ClInclude>
    <ClInclude Include="base64.h">
      <Filter>BaiduParse</Filter>
    </ClInclude>
    <ClInclude Include="PanParse.h">
      <Filter>BaiduParse</Filter>
    </ClInclude>
    <ClInclude Include="Http_Request.h">
      <Filter>BaiduParse</Filter>
    </ClInclude>
    <ClInclude Include="resource.h">
      <Filter>头文件</Filter>
    </ClInclude>
    <ClInclude Include="shadow_window.h">
      <Filter>头文件</Filter>
    </ClInclude>
    <ClInclude Include="CEncryption.h">
      <Filter>加密解密</Filter>
    </ClInclude>
  </ItemGroup>
  <ItemGroup>
    <ResourceCompile Include="BaiduCdp.rc">
      <Filter>资源文件</Filter>
    </ResourceCompile>
  </ItemGroup>
  <ItemGroup>
    <Image Include="Debug\icon.ico">
      <Filter>资源文件</Filter>
    </Image>
  </ItemGroup>
</Project>